# This file is generated by running "yarn install" inside your project.
# Manual changes might be lost - proceed with caution!

__metadata:
  version: 8
  cacheKey: 10c0

"@dvukovic/style-guide@workspace:.":
  version: 0.0.0-use.local
  resolution: "@dvukovic/style-guide@workspace:."
  dependencies:
    "@prettier/plugin-xml": "npm:^3.4.1"
    prettier: "npm:^3.3.3"
    prettier-plugin-embed: "npm:^0.4.15"
    prettier-plugin-jsdoc: "npm:^1.3.0"
    prettier-plugin-packagejson: "npm:^2.5.1"
    prettier-plugin-prisma: "npm:^5.0.0"
    prettier-plugin-sh: "npm:^0.14.0"
    prettier-plugin-sql: "npm:^0.18.1"
    typescript: "npm:^5.5.3"
  peerDependencies:
    prettier: 3
  languageName: unknown
  linkType: soft

"@nodelib/fs.scandir@npm:2.1.5":
  version: 2.1.5
  resolution: "@nodelib/fs.scandir@npm:2.1.5"
  dependencies:
    "@nodelib/fs.stat": "npm:2.0.5"
    run-parallel: "npm:^1.1.9"
  checksum: 10c0/732c3b6d1b1e967440e65f284bd06e5821fedf10a1bea9ed2bb75956ea1f30e08c44d3def9d6a230666574edbaf136f8cfd319c14fd1f87c66e6a44449afb2eb
  languageName: node
  linkType: hard

"@nodelib/fs.stat@npm:2.0.5, @nodelib/fs.stat@npm:^2.0.2":
  version: 2.0.5
  resolution: "@nodelib/fs.stat@npm:2.0.5"
  checksum: 10c0/88dafe5e3e29a388b07264680dc996c17f4bda48d163a9d4f5c1112979f0ce8ec72aa7116122c350b4e7976bc5566dc3ddb579be1ceaacc727872eb4ed93926d
  languageName: node
  linkType: hard

"@nodelib/fs.walk@npm:^1.2.3":
  version: 1.2.8
  resolution: "@nodelib/fs.walk@npm:1.2.8"
  dependencies:
    "@nodelib/fs.scandir": "npm:2.1.5"
    fastq: "npm:^1.6.0"
  checksum: 10c0/db9de047c3bb9b51f9335a7bb46f4fcfb6829fb628318c12115fbaf7d369bfce71c15b103d1fc3b464812d936220ee9bc1c8f762d032c9f6be9acc99249095b1
  languageName: node
  linkType: hard

"@pkgr/core@npm:^0.1.0":
  version: 0.1.1
  resolution: "@pkgr/core@npm:0.1.1"
  checksum: 10c0/3f7536bc7f57320ab2cf96f8973664bef624710c403357429fbf680a5c3b4843c1dbd389bb43daa6b1f6f1f007bb082f5abcb76bb2b5dc9f421647743b71d3d8
  languageName: node
  linkType: hard

"@prettier/plugin-xml@npm:^3.4.1":
  version: 3.4.1
  resolution: "@prettier/plugin-xml@npm:3.4.1"
  dependencies:
    "@xml-tools/parser": "npm:^1.0.11"
  peerDependencies:
    prettier: ^3.0.0
  checksum: 10c0/39bdc3d6e475ed4f804ea4dad8ad66c1e36743935eefde87bf9a68c44434695e74e52c8c6d70239de12dae141153f8979cce0b1c5c8f820693ff1f62bbe66044
  languageName: node
  linkType: hard

"@prisma/prisma-schema-wasm@npm:4.17.0-26.6b0aef69b7cdfc787f822ecd7cdc76d5f1991584":
  version: 4.17.0-26.6b0aef69b7cdfc787f822ecd7cdc76d5f1991584
  resolution: "@prisma/prisma-schema-wasm@npm:4.17.0-26.6b0aef69b7cdfc787f822ecd7cdc76d5f1991584"
  checksum: 10c0/42792448e9b0ed687a828e9dc76d614aa67f6ccf62a822033f5e8fb206656f49b8e9a1a709cda27ecb597a2dfead58eaf779e175e059eb95a64dd0ab4a31d53d
  languageName: node
  linkType: hard

"@types/debug@npm:^4.0.0":
  version: 4.1.12
  resolution: "@types/debug@npm:4.1.12"
  dependencies:
    "@types/ms": "npm:*"
  checksum: 10c0/5dcd465edbb5a7f226e9a5efd1f399c6172407ef5840686b73e3608ce135eeca54ae8037dcd9f16bdb2768ac74925b820a8b9ecc588a58ca09eca6acabe33e2f
  languageName: node
  linkType: hard

"@types/estree@npm:^1.0.5":
  version: 1.0.5
  resolution: "@types/estree@npm:1.0.5"
  checksum: 10c0/b3b0e334288ddb407c7b3357ca67dbee75ee22db242ca7c56fe27db4e1a31989cb8af48a84dd401deb787fe10cc6b2ab1ee82dc4783be87ededbe3d53c79c70d
  languageName: node
  linkType: hard

"@types/mdast@npm:^4.0.0":
  version: 4.0.4
  resolution: "@types/mdast@npm:4.0.4"
  dependencies:
    "@types/unist": "npm:*"
  checksum: 10c0/84f403dbe582ee508fd9c7643ac781ad8597fcbfc9ccb8d4715a2c92e4545e5772cbd0dbdf18eda65789386d81b009967fdef01b24faf6640f817287f54d9c82
  languageName: node
  linkType: hard

"@types/ms@npm:*":
  version: 0.7.34
  resolution: "@types/ms@npm:0.7.34"
  checksum: 10c0/ac80bd90012116ceb2d188fde62d96830ca847823e8ca71255616bc73991aa7d9f057b8bfab79e8ee44ffefb031ddd1bcce63ea82f9e66f7c31ec02d2d823ccc
  languageName: node
  linkType: hard

"@types/unist@npm:*, @types/unist@npm:^3.0.0":
  version: 3.0.2
  resolution: "@types/unist@npm:3.0.2"
  checksum: 10c0/39f220ce184a773c55c18a127062bfc4d0d30c987250cd59bab544d97be6cfec93717a49ef96e81f024b575718f798d4d329eb81c452fc57d6d051af8b043ebf
  languageName: node
  linkType: hard

"@xml-tools/parser@npm:^1.0.11":
  version: 1.0.11
  resolution: "@xml-tools/parser@npm:1.0.11"
  dependencies:
    chevrotain: "npm:7.1.1"
  checksum: 10c0/5abc75163d6b2ac8e9006a54576523513535953237463297137c5a3665ce1b9d220b77b6dbb68ab93df3fab40bbc98bbb10e90dd690fd7646fdb021323827971
  languageName: node
  linkType: hard

"argparse@npm:^2.0.1":
  version: 2.0.1
  resolution: "argparse@npm:2.0.1"
  checksum: 10c0/c5640c2d89045371c7cedd6a70212a04e360fd34d6edeae32f6952c63949e3525ea77dbec0289d8213a99bbaeab5abfa860b5c12cf88a2e6cf8106e90dd27a7e
  languageName: node
  linkType: hard

"big-integer@npm:^1.6.48":
  version: 1.6.52
  resolution: "big-integer@npm:1.6.52"
  checksum: 10c0/9604224b4c2ab3c43c075d92da15863077a9f59e5d4205f4e7e76acd0cd47e8d469ec5e5dba8d9b32aa233951893b29329ca56ac80c20ce094b4a647a66abae0
  languageName: node
  linkType: hard

"binary-searching@npm:^2.0.5":
  version: 2.0.5
  resolution: "binary-searching@npm:2.0.5"
  checksum: 10c0/914ccf15d4c989a8900e5617e2b6ec77a016f894b3833eaa5720a310214420dbd5d8eb577c158f99d25769968225c522cc37580c8d2ed46cc469f9d0365b7f15
  languageName: node
  linkType: hard

"braces@npm:^3.0.3":
  version: 3.0.3
  resolution: "braces@npm:3.0.3"
  dependencies:
    fill-range: "npm:^7.1.1"
  checksum: 10c0/7c6dfd30c338d2997ba77500539227b9d1f85e388a5f43220865201e407e076783d0881f2d297b9f80951b4c957fcf0b51c1d2d24227631643c3f7c284b0aa04
  languageName: node
  linkType: hard

"character-entities@npm:^2.0.0":
  version: 2.0.2
  resolution: "character-entities@npm:2.0.2"
  checksum: 10c0/b0c645a45bcc90ff24f0e0140f4875a8436b8ef13b6bcd31ec02cfb2ca502b680362aa95386f7815bdc04b6464d48cf191210b3840d7c04241a149ede591a308
  languageName: node
  linkType: hard

"chevrotain@npm:7.1.1":
  version: 7.1.1
  resolution: "chevrotain@npm:7.1.1"
  dependencies:
    regexp-to-ast: "npm:0.5.0"
  checksum: 10c0/3fbbb7a30fb87a4cd141a28bdfa2851f54fde4099aa92071442b47605dfc5974eee0388ec25a517087fcea4dcc1f0ce6b371bc975591346327829aa83b3c843d
  languageName: node
  linkType: hard

"commander@npm:^2.19.0":
  version: 2.20.3
  resolution: "commander@npm:2.20.3"
  checksum: 10c0/74c781a5248c2402a0a3e966a0a2bba3c054aad144f5c023364be83265e796b20565aa9feff624132ff629aa64e16999fa40a743c10c12f7c61e96a794b99288
  languageName: node
  linkType: hard

"comment-parser@npm:^1.4.0":
  version: 1.4.1
  resolution: "comment-parser@npm:1.4.1"
  checksum: 10c0/d6c4be3f5be058f98b24f2d557f745d8fe1cc9eb75bebbdccabd404a0e1ed41563171b16285f593011f8b6a5ec81f564fb1f2121418ac5cbf0f49255bf0840dd
  languageName: node
  linkType: hard

"debug@npm:^4.0.0":
  version: 4.3.5
  resolution: "debug@npm:4.3.5"
  dependencies:
    ms: "npm:2.1.2"
  peerDependenciesMeta:
    supports-color:
      optional: true
  checksum: 10c0/082c375a2bdc4f4469c99f325ff458adad62a3fc2c482d59923c260cb08152f34e2659f72b3767db8bb2f21ca81a60a42d1019605a412132d7b9f59363a005cc
  languageName: node
  linkType: hard

"decode-named-character-reference@npm:^1.0.0":
  version: 1.0.2
  resolution: "decode-named-character-reference@npm:1.0.2"
  dependencies:
    character-entities: "npm:^2.0.0"
  checksum: 10c0/66a9fc5d9b5385a2b3675c69ba0d8e893393d64057f7dbbb585265bb4fc05ec513d76943b8e5aac7d8016d20eea4499322cbf4cd6d54b466976b78f3a7587a4c
  languageName: node
  linkType: hard

"dedent@npm:^1.5.1":
  version: 1.5.3
  resolution: "dedent@npm:1.5.3"
  peerDependencies:
    babel-plugin-macros: ^3.1.0
  peerDependenciesMeta:
    babel-plugin-macros:
      optional: true
  checksum: 10c0/d94bde6e6f780be4da4fd760288fcf755ec368872f4ac5218197200d86430aeb8d90a003a840bff1c20221188e3f23adced0119cb811c6873c70d0ac66d12832
  languageName: node
  linkType: hard

"dequal@npm:^2.0.0":
  version: 2.0.3
  resolution: "dequal@npm:2.0.3"
  checksum: 10c0/f98860cdf58b64991ae10205137c0e97d384c3a4edc7f807603887b7c4b850af1224a33d88012009f150861cbee4fa2d322c4cc04b9313bee312e47f6ecaa888
  languageName: node
  linkType: hard

"detect-indent@npm:^7.0.1":
  version: 7.0.1
  resolution: "detect-indent@npm:7.0.1"
  checksum: 10c0/47b6e3e3dda603c386e73b129f3e84844ae59bc2615f5072becf3cc02eab400bed5a4e6379c49d0b18cf630e80c2b07e87e0038b777addbc6ef793ad77dd05bc
  languageName: node
  linkType: hard

"detect-newline@npm:^4.0.0":
  version: 4.0.1
  resolution: "detect-newline@npm:4.0.1"
  checksum: 10c0/1cc1082e88ad477f30703ae9f23bd3e33816ea2db6a35333057e087d72d466f5a777809b71f560118ecff935d2c712f5b59e1008a8b56a900909d8fd4621c603
  languageName: node
  linkType: hard

"devlop@npm:^1.0.0":
  version: 1.1.0
  resolution: "devlop@npm:1.1.0"
  dependencies:
    dequal: "npm:^2.0.0"
  checksum: 10c0/e0928ab8f94c59417a2b8389c45c55ce0a02d9ac7fd74ef62d01ba48060129e1d594501b77de01f3eeafc7cb00773819b0df74d96251cf20b31c5b3071f45c0e
  languageName: node
  linkType: hard

"dir-glob@npm:^3.0.1":
  version: 3.0.1
  resolution: "dir-glob@npm:3.0.1"
  dependencies:
    path-type: "npm:^4.0.0"
  checksum: 10c0/dcac00920a4d503e38bb64001acb19df4efc14536ada475725e12f52c16777afdee4db827f55f13a908ee7efc0cb282e2e3dbaeeb98c0993dd93d1802d3bf00c
  languageName: node
  linkType: hard

"discontinuous-range@npm:1.0.0":
  version: 1.0.0
  resolution: "discontinuous-range@npm:1.0.0"
  checksum: 10c0/487b105f83c1cc528e25e65d3c4b73958ec79769b7bd0e264414702a23a7e2b282c72982b4bef4af29fcab53f47816c3f0a5c40d85a99a490f4bc35b83dc00f8
  languageName: node
  linkType: hard

"fast-glob@npm:^3.3.0":
  version: 3.3.2
  resolution: "fast-glob@npm:3.3.2"
  dependencies:
    "@nodelib/fs.stat": "npm:^2.0.2"
    "@nodelib/fs.walk": "npm:^1.2.3"
    glob-parent: "npm:^5.1.2"
    merge2: "npm:^1.3.0"
    micromatch: "npm:^4.0.4"
  checksum: 10c0/42baad7b9cd40b63e42039132bde27ca2cb3a4950d0a0f9abe4639ea1aa9d3e3b40f98b1fe31cbc0cc17b664c9ea7447d911a152fa34ec5b72977b125a6fc845
  languageName: node
  linkType: hard

"fastq@npm:^1.6.0":
  version: 1.17.1
  resolution: "fastq@npm:1.17.1"
  dependencies:
    reusify: "npm:^1.0.4"
  checksum: 10c0/1095f16cea45fb3beff558bb3afa74ca7a9250f5a670b65db7ed585f92b4b48381445cd328b3d87323da81e43232b5d5978a8201bde84e0cd514310f1ea6da34
  languageName: node
  linkType: hard

"fill-range@npm:^7.1.1":
  version: 7.1.1
  resolution: "fill-range@npm:7.1.1"
  dependencies:
    to-regex-range: "npm:^5.0.1"
  checksum: 10c0/b75b691bbe065472f38824f694c2f7449d7f5004aa950426a2c28f0306c60db9b880c0b0e4ed819997ffb882d1da02cfcfc819bddc94d71627f5269682edf018
  languageName: node
  linkType: hard

"find-up-simple@npm:^1.0.0":
  version: 1.0.0
  resolution: "find-up-simple@npm:1.0.0"
  checksum: 10c0/de1ad5e55c8c162f5600fe3297bb55a3da5cd9cb8c6755e463ec1d52c4c15a84e312a68397fb5962d13263b3dbd4ea294668c465ccacc41291d7cc97588769f9
  languageName: node
  linkType: hard

"get-stdin@npm:=8.0.0":
  version: 8.0.0
  resolution: "get-stdin@npm:8.0.0"
  checksum: 10c0/b71b72b83928221052f713b3b6247ebf1ceaeb4ef76937778557537fd51ad3f586c9e6a7476865022d9394b39b74eed1dc7514052fa74d80625276253571b76f
  languageName: node
  linkType: hard

"get-stdin@npm:^9.0.0":
  version: 9.0.0
  resolution: "get-stdin@npm:9.0.0"
  checksum: 10c0/7ef2edc0c81a0644ca9f051aad8a96ae9373d901485abafaabe59fd347a1c378689d8a3d8825fb3067415d1d09dfcaa43cb9b9516ecac6b74b3138b65a8ccc6b
  languageName: node
  linkType: hard

"git-hooks-list@npm:^3.0.0":
  version: 3.1.0
  resolution: "git-hooks-list@npm:3.1.0"
  checksum: 10c0/f1b93dd11b80b2a687b99a8bb553c0d07f344532d475b3ac2a5ff044d40fa71567ddcfa5cb39fae0b4e43a670a33f02f71ec3b24b7263233f3a3df89deddfb5a
  languageName: node
  linkType: hard

"glob-parent@npm:^5.1.2":
  version: 5.1.2
  resolution: "glob-parent@npm:5.1.2"
  dependencies:
    is-glob: "npm:^4.0.1"
  checksum: 10c0/cab87638e2112bee3f839ef5f6e0765057163d39c66be8ec1602f3823da4692297ad4e972de876ea17c44d652978638d2fd583c6713d0eb6591706825020c9ee
  languageName: node
  linkType: hard

"globby@npm:^13.1.2":
  version: 13.2.2
  resolution: "globby@npm:13.2.2"
  dependencies:
    dir-glob: "npm:^3.0.1"
    fast-glob: "npm:^3.3.0"
    ignore: "npm:^5.2.4"
    merge2: "npm:^1.4.1"
    slash: "npm:^4.0.0"
  checksum: 10c0/a8d7cc7cbe5e1b2d0f81d467bbc5bc2eac35f74eaded3a6c85fc26d7acc8e6de22d396159db8a2fc340b8a342e74cac58de8f4aee74146d3d146921a76062664
  languageName: node
  linkType: hard

"ignore@npm:^5.2.4":
  version: 5.3.1
  resolution: "ignore@npm:5.3.1"
  checksum: 10c0/703f7f45ffb2a27fb2c5a8db0c32e7dee66b33a225d28e8db4e1be6474795f606686a6e3bcc50e1aa12f2042db4c9d4a7d60af3250511de74620fbed052ea4cd
  languageName: node
  linkType: hard

"is-extglob@npm:^2.1.1":
  version: 2.1.1
  resolution: "is-extglob@npm:2.1.1"
  checksum: 10c0/5487da35691fbc339700bbb2730430b07777a3c21b9ebaecb3072512dfd7b4ba78ac2381a87e8d78d20ea08affb3f1971b4af629173a6bf435ff8a4c47747912
  languageName: node
  linkType: hard

"is-glob@npm:^4.0.1":
  version: 4.0.3
  resolution: "is-glob@npm:4.0.3"
  dependencies:
    is-extglob: "npm:^2.1.1"
  checksum: 10c0/17fb4014e22be3bbecea9b2e3a76e9e34ff645466be702f1693e8f1ee1adac84710d0be0bd9f967d6354036fd51ab7c2741d954d6e91dae6bb69714de92c197a
  languageName: node
  linkType: hard

"is-number@npm:^7.0.0":
  version: 7.0.0
  resolution: "is-number@npm:7.0.0"
  checksum: 10c0/b4686d0d3053146095ccd45346461bc8e53b80aeb7671cc52a4de02dbbf7dc0d1d2a986e2fe4ae206984b4d34ef37e8b795ebc4f4295c978373e6575e295d811
  languageName: node
  linkType: hard

"is-plain-obj@npm:^4.1.0":
  version: 4.1.0
  resolution: "is-plain-obj@npm:4.1.0"
  checksum: 10c0/32130d651d71d9564dc88ba7e6fda0e91a1010a3694648e9f4f47bb6080438140696d3e3e15c741411d712e47ac9edc1a8a9de1fe76f3487b0d90be06ac9975e
  languageName: node
  linkType: hard

"jsox@npm:^1.2.119":
  version: 1.2.119
  resolution: "jsox@npm:1.2.119"
  bin:
    jsox: lib/cli.js
  checksum: 10c0/82aae411d985b52788ee28106aca2d4eeaa004fb161bd4314a87a9f3168d329e574bb1a74ef13dd1318d08d6ca80ab7b439e576a29353d5096a41b82ec7ce9cb
  languageName: node
  linkType: hard

"mdast-util-from-markdown@npm:^2.0.0":
  version: 2.0.1
  resolution: "mdast-util-from-markdown@npm:2.0.1"
  dependencies:
    "@types/mdast": "npm:^4.0.0"
    "@types/unist": "npm:^3.0.0"
    decode-named-character-reference: "npm:^1.0.0"
    devlop: "npm:^1.0.0"
    mdast-util-to-string: "npm:^4.0.0"
    micromark: "npm:^4.0.0"
    micromark-util-decode-numeric-character-reference: "npm:^2.0.0"
    micromark-util-decode-string: "npm:^2.0.0"
    micromark-util-normalize-identifier: "npm:^2.0.0"
    micromark-util-symbol: "npm:^2.0.0"
    micromark-util-types: "npm:^2.0.0"
    unist-util-stringify-position: "npm:^4.0.0"
  checksum: 10c0/496596bc6419200ff6258531a0ebcaee576a5c169695f5aa296a79a85f2a221bb9247d565827c709a7c2acfb56ae3c3754bf483d86206617bd299a9658c8121c
  languageName: node
  linkType: hard

"mdast-util-to-string@npm:^4.0.0":
  version: 4.0.0
  resolution: "mdast-util-to-string@npm:4.0.0"
  dependencies:
    "@types/mdast": "npm:^4.0.0"
  checksum: 10c0/2d3c1af29bf3fe9c20f552ee9685af308002488f3b04b12fa66652c9718f66f41a32f8362aa2d770c3ff464c034860b41715902ada2306bb0a055146cef064d7
  languageName: node
  linkType: hard

"merge2@npm:^1.3.0, merge2@npm:^1.4.1":
  version: 1.4.1
  resolution: "merge2@npm:1.4.1"
  checksum: 10c0/254a8a4605b58f450308fc474c82ac9a094848081bf4c06778200207820e5193726dc563a0d2c16468810516a5c97d9d3ea0ca6585d23c58ccfff2403e8dbbeb
  languageName: node
  linkType: hard

"micro-memoize@npm:^4.1.2":
  version: 4.1.2
  resolution: "micro-memoize@npm:4.1.2"
  checksum: 10c0/4b52dc1aa1c4b533f4008f6181f1e640e1bd1d4826881672b4f60f07ab6acc1deea073413e0488d589308e862abf6f03d1dcf7018bf08e751690268a462de4d3
  languageName: node
  linkType: hard

"micromark-core-commonmark@npm:^2.0.0":
  version: 2.0.1
  resolution: "micromark-core-commonmark@npm:2.0.1"
  dependencies:
    decode-named-character-reference: "npm:^1.0.0"
    devlop: "npm:^1.0.0"
    micromark-factory-destination: "npm:^2.0.0"
    micromark-factory-label: "npm:^2.0.0"
    micromark-factory-space: "npm:^2.0.0"
    micromark-factory-title: "npm:^2.0.0"
    micromark-factory-whitespace: "npm:^2.0.0"
    micromark-util-character: "npm:^2.0.0"
    micromark-util-chunked: "npm:^2.0.0"
    micromark-util-classify-character: "npm:^2.0.0"
    micromark-util-html-tag-name: "npm:^2.0.0"
    micromark-util-normalize-identifier: "npm:^2.0.0"
    micromark-util-resolve-all: "npm:^2.0.0"
    micromark-util-subtokenize: "npm:^2.0.0"
    micromark-util-symbol: "npm:^2.0.0"
    micromark-util-types: "npm:^2.0.0"
  checksum: 10c0/a0b280b1b6132f600518e72cb29a4dd1b2175b85f5ed5b25d2c5695e42b876b045971370daacbcfc6b4ce8cf7acbf78dd3a0284528fb422b450144f4b3bebe19
  languageName: node
  linkType: hard

"micromark-factory-destination@npm:^2.0.0":
  version: 2.0.0
  resolution: "micromark-factory-destination@npm:2.0.0"
  dependencies:
    micromark-util-character: "npm:^2.0.0"
    micromark-util-symbol: "npm:^2.0.0"
    micromark-util-types: "npm:^2.0.0"
  checksum: 10c0/b73492f687d41a6a379159c2f3acbf813042346bcea523d9041d0cc6124e6715f0779dbb2a0b3422719e9764c3b09f9707880aa159557e3cb4aeb03b9d274915
  languageName: node
  linkType: hard

"micromark-factory-label@npm:^2.0.0":
  version: 2.0.0
  resolution: "micromark-factory-label@npm:2.0.0"
  dependencies:
    devlop: "npm:^1.0.0"
    micromark-util-character: "npm:^2.0.0"
    micromark-util-symbol: "npm:^2.0.0"
    micromark-util-types: "npm:^2.0.0"
  checksum: 10c0/8ffad00487a7891941b1d1f51d53a33c7a659dcf48617edb7a4008dad7aff67ec316baa16d55ca98ae3d75ce1d81628dbf72fedc7c6f108f740dec0d5d21c8ee
  languageName: node
  linkType: hard

"micromark-factory-space@npm:^2.0.0":
  version: 2.0.0
  resolution: "micromark-factory-space@npm:2.0.0"
  dependencies:
    micromark-util-character: "npm:^2.0.0"
    micromark-util-types: "npm:^2.0.0"
  checksum: 10c0/103ca954dade963d4ff1d2f27d397833fe855ddc72590205022832ef68b775acdea67949000cee221708e376530b1de78c745267b0bf8366740840783eb37122
  languageName: node
  linkType: hard

"micromark-factory-title@npm:^2.0.0":
  version: 2.0.0
  resolution: "micromark-factory-title@npm:2.0.0"
  dependencies:
    micromark-factory-space: "npm:^2.0.0"
    micromark-util-character: "npm:^2.0.0"
    micromark-util-symbol: "npm:^2.0.0"
    micromark-util-types: "npm:^2.0.0"
  checksum: 10c0/2b2188e7a011b1b001faf8c860286d246d5c3485ef8819270c60a5808f4c7613e49d4e481dbdff62600ef7acdba0f5100be2d125cbd2a15e236c26b3668a8ebd
  languageName: node
  linkType: hard

"micromark-factory-whitespace@npm:^2.0.0":
  version: 2.0.0
  resolution: "micromark-factory-whitespace@npm:2.0.0"
  dependencies:
    micromark-factory-space: "npm:^2.0.0"
    micromark-util-character: "npm:^2.0.0"
    micromark-util-symbol: "npm:^2.0.0"
    micromark-util-types: "npm:^2.0.0"
  checksum: 10c0/4e91baab0cc71873095134bd0e225d01d9786cde352701402d71b72d317973954754e8f9f1849901f165530e6421202209f4d97c460a27bb0808ec5a3fc3148c
  languageName: node
  linkType: hard

"micromark-util-character@npm:^2.0.0":
  version: 2.1.0
  resolution: "micromark-util-character@npm:2.1.0"
  dependencies:
    micromark-util-symbol: "npm:^2.0.0"
    micromark-util-types: "npm:^2.0.0"
  checksum: 10c0/fc37a76aaa5a5138191ba2bef1ac50c36b3bcb476522e98b1a42304ab4ec76f5b036a746ddf795d3de3e7004b2c09f21dd1bad42d161f39b8cfc0acd067e6373
  languageName: node
  linkType: hard

"micromark-util-chunked@npm:^2.0.0":
  version: 2.0.0
  resolution: "micromark-util-chunked@npm:2.0.0"
  dependencies:
    micromark-util-symbol: "npm:^2.0.0"
  checksum: 10c0/043b5f2abc8c13a1e2e4c378ead191d1a47ed9e0cd6d0fa5a0a430b2df9e17ada9d5de5a20688a000bbc5932507e746144acec60a9589d9a79fa60918e029203
  languageName: node
  linkType: hard

"micromark-util-classify-character@npm:^2.0.0":
  version: 2.0.0
  resolution: "micromark-util-classify-character@npm:2.0.0"
  dependencies:
    micromark-util-character: "npm:^2.0.0"
    micromark-util-symbol: "npm:^2.0.0"
    micromark-util-types: "npm:^2.0.0"
  checksum: 10c0/2bf5fa5050faa9b69f6c7e51dbaaf02329ab70fabad8229984381b356afbbf69db90f4617bec36d814a7d285fb7cad8e3c4e38d1daf4387dc9e240aa7f9a292a
  languageName: node
  linkType: hard

"micromark-util-combine-extensions@npm:^2.0.0":
  version: 2.0.0
  resolution: "micromark-util-combine-extensions@npm:2.0.0"
  dependencies:
    micromark-util-chunked: "npm:^2.0.0"
    micromark-util-types: "npm:^2.0.0"
  checksum: 10c0/cd4c8d1a85255527facb419ff3b3cc3d7b7f27005c5ef5fa7ef2c4d0e57a9129534fc292a188ec2d467c2c458642d369c5f894bc8a9e142aed6696cc7989d3ea
  languageName: node
  linkType: hard

"micromark-util-decode-numeric-character-reference@npm:^2.0.0":
  version: 2.0.1
  resolution: "micromark-util-decode-numeric-character-reference@npm:2.0.1"
  dependencies:
    micromark-util-symbol: "npm:^2.0.0"
  checksum: 10c0/3f6d684ee8f317c67806e19b3e761956256cb936a2e0533aad6d49ac5604c6536b2041769c6febdd387ab7175b7b7e551851bf2c1f78da943e7a3671ca7635ac
  languageName: node
  linkType: hard

"micromark-util-decode-string@npm:^2.0.0":
  version: 2.0.0
  resolution: "micromark-util-decode-string@npm:2.0.0"
  dependencies:
    decode-named-character-reference: "npm:^1.0.0"
    micromark-util-character: "npm:^2.0.0"
    micromark-util-decode-numeric-character-reference: "npm:^2.0.0"
    micromark-util-symbol: "npm:^2.0.0"
  checksum: 10c0/f5413bebb21bdb686cfa1bcfa7e9c93093a523d1b42443ead303b062d2d680a94e5e8424549f57b8ba9d786a758e5a26a97f56068991bbdbca5d1885b3aa7227
  languageName: node
  linkType: hard

"micromark-util-encode@npm:^2.0.0":
  version: 2.0.0
  resolution: "micromark-util-encode@npm:2.0.0"
  checksum: 10c0/ebdaafff23100bbf4c74e63b4b1612a9ddf94cd7211d6a076bc6fb0bc32c1b48d6fb615aa0953e607c62c97d849f97f1042260d3eb135259d63d372f401bbbb2
  languageName: node
  linkType: hard

"micromark-util-html-tag-name@npm:^2.0.0":
  version: 2.0.0
  resolution: "micromark-util-html-tag-name@npm:2.0.0"
  checksum: 10c0/988aa26367449bd345b627ae32cf605076daabe2dc1db71b578a8a511a47123e14af466bcd6dcbdacec60142f07bc2723ec5f7a0eed0f5319ce83b5e04825429
  languageName: node
  linkType: hard

"micromark-util-normalize-identifier@npm:^2.0.0":
  version: 2.0.0
  resolution: "micromark-util-normalize-identifier@npm:2.0.0"
  dependencies:
    micromark-util-symbol: "npm:^2.0.0"
  checksum: 10c0/93bf8789b8449538f22cf82ac9b196363a5f3b2f26efd98aef87c4c1b1f8c05be3ef6391ff38316ff9b03c1a6fd077342567598019ddd12b9bd923dacc556333
  languageName: node
  linkType: hard

"micromark-util-resolve-all@npm:^2.0.0":
  version: 2.0.0
  resolution: "micromark-util-resolve-all@npm:2.0.0"
  dependencies:
    micromark-util-types: "npm:^2.0.0"
  checksum: 10c0/3b912e88453dcefe728a9080c8934a75ac4732056d6576ceecbcaf97f42c5d6fa2df66db8abdc8427eb167c5ffddefe26713728cfe500bc0e314ed260d6e2746
  languageName: node
  linkType: hard

"micromark-util-sanitize-uri@npm:^2.0.0":
  version: 2.0.0
  resolution: "micromark-util-sanitize-uri@npm:2.0.0"
  dependencies:
    micromark-util-character: "npm:^2.0.0"
    micromark-util-encode: "npm:^2.0.0"
    micromark-util-symbol: "npm:^2.0.0"
  checksum: 10c0/74763ca1c927dd520d3ab8fd9856a19740acf76fc091f0a1f5d4e99c8cd5f1b81c5a0be3efb564941a071fb6d85fd951103f2760eb6cff77b5ab3abe08341309
  languageName: node
  linkType: hard

"micromark-util-subtokenize@npm:^2.0.0":
  version: 2.0.1
  resolution: "micromark-util-subtokenize@npm:2.0.1"
  dependencies:
    devlop: "npm:^1.0.0"
    micromark-util-chunked: "npm:^2.0.0"
    micromark-util-symbol: "npm:^2.0.0"
    micromark-util-types: "npm:^2.0.0"
  checksum: 10c0/000cefde827db129f4ed92b8fbdeb4866c5f9c93068c0115485564b0426abcb9058080aa257df9035e12ca7fa92259d66623ea750b9eb3bcdd8325d3fb6fc237
  languageName: node
  linkType: hard

"micromark-util-symbol@npm:^2.0.0":
  version: 2.0.0
  resolution: "micromark-util-symbol@npm:2.0.0"
  checksum: 10c0/4e76186c185ce4cefb9cea8584213d9ffacd77099d1da30c0beb09fa21f46f66f6de4c84c781d7e34ff763fe3a06b530e132fa9004882afab9e825238d0aa8b3
  languageName: node
  linkType: hard

"micromark-util-types@npm:^2.0.0":
  version: 2.0.0
  resolution: "micromark-util-types@npm:2.0.0"
  checksum: 10c0/d74e913b9b61268e0d6939f4209e3abe9dada640d1ee782419b04fd153711112cfaaa3c4d5f37225c9aee1e23c3bb91a1f5223e1e33ba92d33e83956a53e61de
  languageName: node
  linkType: hard

"micromark@npm:^4.0.0":
  version: 4.0.0
  resolution: "micromark@npm:4.0.0"
  dependencies:
    "@types/debug": "npm:^4.0.0"
    debug: "npm:^4.0.0"
    decode-named-character-reference: "npm:^1.0.0"
    devlop: "npm:^1.0.0"
    micromark-core-commonmark: "npm:^2.0.0"
    micromark-factory-space: "npm:^2.0.0"
    micromark-util-character: "npm:^2.0.0"
    micromark-util-chunked: "npm:^2.0.0"
    micromark-util-combine-extensions: "npm:^2.0.0"
    micromark-util-decode-numeric-character-reference: "npm:^2.0.0"
    micromark-util-encode: "npm:^2.0.0"
    micromark-util-normalize-identifier: "npm:^2.0.0"
    micromark-util-resolve-all: "npm:^2.0.0"
    micromark-util-sanitize-uri: "npm:^2.0.0"
    micromark-util-subtokenize: "npm:^2.0.0"
    micromark-util-symbol: "npm:^2.0.0"
    micromark-util-types: "npm:^2.0.0"
  checksum: 10c0/7e91c8d19ff27bc52964100853f1b3b32bb5b2ece57470a34ba1b2f09f4e2a183d90106c4ae585c9f2046969ee088576fed79b2f7061cba60d16652ccc2c64fd
  languageName: node
  linkType: hard

"micromatch@npm:^4.0.4":
  version: 4.0.7
  resolution: "micromatch@npm:4.0.7"
  dependencies:
    braces: "npm:^3.0.3"
    picomatch: "npm:^2.3.1"
  checksum: 10c0/58fa99bc5265edec206e9163a1d2cec5fabc46a5b473c45f4a700adce88c2520456ae35f2b301e4410fb3afb27e9521fb2813f6fc96be0a48a89430e0916a772
  languageName: node
  linkType: hard

"moo@npm:^0.5.0":
  version: 0.5.2
  resolution: "moo@npm:0.5.2"
  checksum: 10c0/a9d9ad8198a51fe35d297f6e9fdd718298ca0b39a412e868a0ebd92286379ab4533cfc1f1f34516177f5129988ab25fe598f78e77c84e3bfe0d4a877b56525a8
  languageName: node
  linkType: hard

"ms@npm:2.1.2":
  version: 2.1.2
  resolution: "ms@npm:2.1.2"
  checksum: 10c0/a437714e2f90dbf881b5191d35a6db792efbca5badf112f87b9e1c712aace4b4b9b742dd6537f3edf90fd6f684de897cec230abde57e87883766712ddda297cc
  languageName: node
  linkType: hard

"mvdan-sh@npm:^0.10.1":
  version: 0.10.1
  resolution: "mvdan-sh@npm:0.10.1"
  checksum: 10c0/cfdd3c6429aad170014892f7934ff60a4418b32e4c14db10f0d3cfb7743f37385e2a3a8c58c65b7c4fbfe44838d9e8cf8c93897b9763a08224c32957a72621c0
  languageName: node
  linkType: hard

"nearley@npm:^2.20.1":
  version: 2.20.1
  resolution: "nearley@npm:2.20.1"
  dependencies:
    commander: "npm:^2.19.0"
    moo: "npm:^0.5.0"
    railroad-diagrams: "npm:^1.0.0"
    randexp: "npm:0.4.6"
  bin:
    nearley-railroad: bin/nearley-railroad.js
    nearley-test: bin/nearley-test.js
    nearley-unparse: bin/nearley-unparse.js
    nearleyc: bin/nearleyc.js
  checksum: 10c0/d25e1fd40b19c53a0ada6a688670f4a39063fd9553ab62885e81a82927d51572ce47193b946afa3d85efa608ba2c68f433c421f69b854bfb7f599eacb5fae37e
  languageName: node
  linkType: hard

"node-sql-parser@npm:^4.12.0":
  version: 4.18.0
  resolution: "node-sql-parser@npm:4.18.0"
  dependencies:
    big-integer: "npm:^1.6.48"
  checksum: 10c0/0dd428f579326c802219acfc2fbbde2bbf775b302f02601861c8ec0df0df433a332e5d022eee882523475f81ce9681692eca982751577d452e1105551f2aa734
  languageName: node
  linkType: hard

"package-up@npm:^5.0.0":
  version: 5.0.0
  resolution: "package-up@npm:5.0.0"
  dependencies:
    find-up-simple: "npm:^1.0.0"
  checksum: 10c0/539ca3cded589ed374b9f729a94a0e09f1ffa9e640037c557ac209293d56685c8a6cee1f6fe08585ed125335ec7276d10e9c556cfc6bb3258dcb99af32fd5cb5
  languageName: node
  linkType: hard

"path-type@npm:^4.0.0":
  version: 4.0.0
  resolution: "path-type@npm:4.0.0"
  checksum: 10c0/666f6973f332f27581371efaf303fd6c272cc43c2057b37aa99e3643158c7e4b2626549555d88626e99ea9e046f82f32e41bbde5f1508547e9a11b149b52387c
  languageName: node
  linkType: hard

"picomatch@npm:^2.3.1":
  version: 2.3.1
  resolution: "picomatch@npm:2.3.1"
  checksum: 10c0/26c02b8d06f03206fc2ab8d16f19960f2ff9e81a658f831ecb656d8f17d9edc799e8364b1f4a7873e89d9702dff96204be0fa26fe4181f6843f040f819dac4be
  languageName: node
  linkType: hard

"prettier-plugin-embed@npm:^0.4.15":
  version: 0.4.15
  resolution: "prettier-plugin-embed@npm:0.4.15"
  dependencies:
    "@types/estree": "npm:^1.0.5"
    dedent: "npm:^1.5.1"
    micro-memoize: "npm:^4.1.2"
    package-up: "npm:^5.0.0"
    tiny-jsonc: "npm:^1.0.1"
    type-fest: "npm:^4.10.3"
  checksum: 10c0/e25ca76347b1f576cc1ec81dd448497b5746783dabb527405aec148cda3b47c85cb8d6912334e329c8c68376e1024142fd87d470c376211b32bb839c8d48fabd
  languageName: node
  linkType: hard

"prettier-plugin-jsdoc@npm:^1.3.0":
  version: 1.3.0
  resolution: "prettier-plugin-jsdoc@npm:1.3.0"
  dependencies:
    binary-searching: "npm:^2.0.5"
    comment-parser: "npm:^1.4.0"
    mdast-util-from-markdown: "npm:^2.0.0"
  peerDependencies:
    prettier: ^3.0.0
  checksum: 10c0/c716ba9257765a33a9e8e3e9302724287f50efccba47602bc73b20a873dc2bb68244e8c600ed993580d5a9948d1db5b5c72766f89e11fe40da43b190fbcc52e1
  languageName: node
  linkType: hard

"prettier-plugin-packagejson@npm:^2.5.1":
  version: 2.5.1
  resolution: "prettier-plugin-packagejson@npm:2.5.1"
  dependencies:
    sort-package-json: "npm:2.10.0"
    synckit: "npm:0.9.1"
  peerDependencies:
    prettier: ">= 1.16.0"
  peerDependenciesMeta:
    prettier:
      optional: true
  checksum: 10c0/eb1b9f5a78b56b95adfe0b57f3ee888aa7717262b96052984d728fe3ff66e7fd4757e24e2b67632ee72c461de22b236e61fcd9fc5f2738bfe952be9eae179aca
  languageName: node
  linkType: hard

"prettier-plugin-prisma@npm:^5.0.0":
  version: 5.0.0
  resolution: "prettier-plugin-prisma@npm:5.0.0"
  dependencies:
    "@prisma/prisma-schema-wasm": "npm:4.17.0-26.6b0aef69b7cdfc787f822ecd7cdc76d5f1991584"
  peerDependencies:
    prettier: ">=2 || >=3"
  checksum: 10c0/9fdb43429c55fb39227f8fc9e3dd6719bd696c51d064f83ef361872f07f610bb7bf70dc62bd62e7b6c9917ebaecd7edfd4085064a976811e14155e3a53cebe35
  languageName: node
  linkType: hard

"prettier-plugin-sh@npm:^0.14.0":
  version: 0.14.0
  resolution: "prettier-plugin-sh@npm:0.14.0"
  dependencies:
    mvdan-sh: "npm:^0.10.1"
    sh-syntax: "npm:^0.4.1"
  peerDependencies:
    prettier: ^3.0.3
  checksum: 10c0/9df1a5f3a7d18b562064724809ce8be0efed6a5e03ef6eb41f1015ffca3471cd62ce83a01de5fe5e6bb13a3affb0c4c653ba4ab6b662e1e06742c65b5b646c5e
  languageName: node
  linkType: hard

"prettier-plugin-sql@npm:^0.18.1":
  version: 0.18.1
  resolution: "prettier-plugin-sql@npm:0.18.1"
  dependencies:
    jsox: "npm:^1.2.119"
    node-sql-parser: "npm:^4.12.0"
    sql-formatter: "npm:^15.0.2"
    tslib: "npm:^2.6.2"
  peerDependencies:
    prettier: ^3.0.3
  checksum: 10c0/876c36f5de041bf21142d8fa451f962e0693bced41aeda113edddb0d44b54f6c32eaff0e2043004522adbb775bb249f84b72ee380a04c8c5a0097f4ce98685aa
  languageName: node
  linkType: hard

"prettier@npm:^3.3.3":
  version: 3.3.3
  resolution: "prettier@npm:3.3.3"
  bin:
    prettier: bin/prettier.cjs
  checksum: 10c0/b85828b08e7505716324e4245549b9205c0cacb25342a030ba8885aba2039a115dbcf75a0b7ca3b37bc9d101ee61fab8113fc69ca3359f2a226f1ecc07ad2e26
  languageName: node
  linkType: hard

"queue-microtask@npm:^1.2.2":
  version: 1.2.3
  resolution: "queue-microtask@npm:1.2.3"
  checksum: 10c0/900a93d3cdae3acd7d16f642c29a642aea32c2026446151f0778c62ac089d4b8e6c986811076e1ae180a694cedf077d453a11b58ff0a865629a4f82ab558e102
  languageName: node
  linkType: hard

"railroad-diagrams@npm:^1.0.0":
  version: 1.0.0
  resolution: "railroad-diagrams@npm:1.0.0"
  checksum: 10c0/81bf8f86870a69fb9ed243102db9ad6416d09c4cb83964490d44717690e07dd982f671503236a1f8af28f4cb79d5d7a87613930f10ac08defa845ceb6764e364
  languageName: node
  linkType: hard

"randexp@npm:0.4.6":
  version: 0.4.6
  resolution: "randexp@npm:0.4.6"
  dependencies:
    discontinuous-range: "npm:1.0.0"
    ret: "npm:~0.1.10"
  checksum: 10c0/14ee14b6d7f5ce69609b51cc914fb7a7c82ad337820a141c5f762c5ad1fe868f5191ea6e82359aee019b625ee1359486628fa833909d12c3b5dd9571908c3345
  languageName: node
  linkType: hard

"regexp-to-ast@npm:0.5.0":
  version: 0.5.0
  resolution: "regexp-to-ast@npm:0.5.0"
  checksum: 10c0/16d3c3905fb24866c3bff689ab177c1e63a7283a3cd1ba95987ef86020526f9827f5c60794197311f0e8a967889131142fe7a2e5ed3523ffe2ac9f55052e1566
  languageName: node
  linkType: hard

"ret@npm:~0.1.10":
  version: 0.1.15
  resolution: "ret@npm:0.1.15"
  checksum: 10c0/01f77cad0f7ea4f955852c03d66982609893edc1240c0c964b4c9251d0f9fb6705150634060d169939b096d3b77f4c84d6b6098a5b5d340160898c8581f1f63f
  languageName: node
  linkType: hard

"reusify@npm:^1.0.4":
  version: 1.0.4
  resolution: "reusify@npm:1.0.4"
  checksum: 10c0/c19ef26e4e188f408922c46f7ff480d38e8dfc55d448310dfb518736b23ed2c4f547fb64a6ed5bdba92cd7e7ddc889d36ff78f794816d5e71498d645ef476107
  languageName: node
  linkType: hard

"run-parallel@npm:^1.1.9":
  version: 1.2.0
  resolution: "run-parallel@npm:1.2.0"
  dependencies:
    queue-microtask: "npm:^1.2.2"
  checksum: 10c0/200b5ab25b5b8b7113f9901bfe3afc347e19bb7475b267d55ad0eb86a62a46d77510cb0f232507c9e5d497ebda569a08a9867d0d14f57a82ad5564d991588b39
  languageName: node
  linkType: hard

"semver@npm:^7.6.0":
  version: 7.6.3
  resolution: "semver@npm:7.6.3"
  bin:
    semver: bin/semver.js
  checksum: 10c0/88f33e148b210c153873cb08cfe1e281d518aaa9a666d4d148add6560db5cd3c582f3a08ccb91f38d5f379ead256da9931234ed122057f40bb5766e65e58adaf
  languageName: node
  linkType: hard

"sh-syntax@npm:^0.4.1":
  version: 0.4.2
  resolution: "sh-syntax@npm:0.4.2"
  dependencies:
    tslib: "npm:^2.6.2"
  checksum: 10c0/0bfe3b3ffcfa7b59a91d432e2f77e6cd4ccb0f267fe6fcce95b9be4ddf34169a8e2721060e067385574e3248818860b682af24b1cb4b5803167e1666bc6fec24
  languageName: node
  linkType: hard

"slash@npm:^4.0.0":
  version: 4.0.0
  resolution: "slash@npm:4.0.0"
  checksum: 10c0/b522ca75d80d107fd30d29df0549a7b2537c83c4c4ecd12cd7d4ea6c8aaca2ab17ada002e7a1d78a9d736a0261509f26ea5b489082ee443a3a810586ef8eff18
  languageName: node
  linkType: hard

"sort-object-keys@npm:^1.1.3":
  version: 1.1.3
  resolution: "sort-object-keys@npm:1.1.3"
  checksum: 10c0/3bf62398658d3ff4bbca0db4ed8f42f98abc41433859f63d02fb0ab953fbe5526be240ec7e5d85aa50fcab6c937f3fa7015abf1ecdeb3045a2281c53953886bf
  languageName: node
  linkType: hard

"sort-package-json@npm:2.10.0":
  version: 2.10.0
  resolution: "sort-package-json@npm:2.10.0"
  dependencies:
    detect-indent: "npm:^7.0.1"
    detect-newline: "npm:^4.0.0"
    get-stdin: "npm:^9.0.0"
    git-hooks-list: "npm:^3.0.0"
    globby: "npm:^13.1.2"
    is-plain-obj: "npm:^4.1.0"
    semver: "npm:^7.6.0"
    sort-object-keys: "npm:^1.1.3"
  bin:
    sort-package-json: cli.js
  checksum: 10c0/f3325c402cd63fa42947e3861fde0ed26c742bb1db9011d4a4111f2a27427ec778ce8223af5c5dd8fcdb1cf49a1ff55d7e5323fb187d29811cd99e503a80fe26
  languageName: node
  linkType: hard

"sql-formatter@npm:^15.0.2":
  version: 15.3.2
  resolution: "sql-formatter@npm:15.3.2"
  dependencies:
    argparse: "npm:^2.0.1"
    get-stdin: "npm:=8.0.0"
    nearley: "npm:^2.20.1"
  bin:
    sql-formatter: bin/sql-formatter-cli.cjs
  checksum: 10c0/43c0284a1d81c621d1563db55ad02c462558881405c76bb0e195c6fc5d1021c0ae4862786f0c08934c48b6154e59a3d0c788fdaf1c7ae644aa3e941d0ed1d1de
  languageName: node
  linkType: hard

"synckit@npm:0.9.1":
  version: 0.9.1
  resolution: "synckit@npm:0.9.1"
  dependencies:
    "@pkgr/core": "npm:^0.1.0"
    tslib: "npm:^2.6.2"
  checksum: 10c0/d8b89e1bf30ba3ffb469d8418c836ad9c0c062bf47028406b4d06548bc66af97155ea2303b96c93bf5c7c0f0d66153a6fbd6924c76521b434e6a9898982abc2e
  languageName: node
  linkType: hard

"tiny-jsonc@npm:^1.0.1":
  version: 1.0.1
  resolution: "tiny-jsonc@npm:1.0.1"
  checksum: 10c0/b79324699968c75f20d44b8db1b2da55a1443252d8b1104050d20505b5cbad9f207135c54432d85a543d4d3ec0b652597446495e39f6f5b596c1f2b8ac7e39d9
  languageName: node
  linkType: hard

"to-regex-range@npm:^5.0.1":
  version: 5.0.1
  resolution: "to-regex-range@npm:5.0.1"
  dependencies:
    is-number: "npm:^7.0.0"
  checksum: 10c0/487988b0a19c654ff3e1961b87f471702e708fa8a8dd02a298ef16da7206692e8552a0250e8b3e8759270f62e9d8314616f6da274734d3b558b1fc7b7724e892
  languageName: node
  linkType: hard

"tslib@npm:^2.6.2":
  version: 2.6.3
  resolution: "tslib@npm:2.6.3"
  checksum: 10c0/2598aef53d9dbe711af75522464b2104724d6467b26a60f2bdac8297d2b5f1f6b86a71f61717384aa8fd897240467aaa7bcc36a0700a0faf751293d1331db39a
  languageName: node
  linkType: hard

"type-fest@npm:^4.10.3":
  version: 4.22.1
  resolution: "type-fest@npm:4.22.1"
  checksum: 10c0/51670e4e39c3e237ea68f3071fe8c850d6ddd4d2d6c46f5066ea5fba7967d57cabd670a3be226e7c417a1c93d4e509c9115457603a6bbd98b07837d377016adc
  languageName: node
  linkType: hard

"typescript@npm:^5.5.3":
  version: 5.5.3
  resolution: "typescript@npm:5.5.3"
  bin:
    tsc: bin/tsc
    tsserver: bin/tsserver
  checksum: 10c0/f52c71ccbc7080b034b9d3b72051d563601a4815bf3e39ded188e6ce60813f75dbedf11ad15dd4d32a12996a9ed8c7155b46c93a9b9c9bad1049766fe614bbdd
  languageName: node
  linkType: hard

"typescript@patch:typescript@npm%3A^5.5.3#optional!builtin<compat/typescript>":
  version: 5.5.3
  resolution: "typescript@patch:typescript@npm%3A5.5.3#optional!builtin<compat/typescript>::version=5.5.3&hash=379a07"
  bin:
    tsc: bin/tsc
    tsserver: bin/tsserver
  checksum: 10c0/911c7811d61f57f07df79c4a35f56a0f426a65426a020e5fcd792f66559f399017205f5f10255329ab5a3d8c2d1f1d19530aeceffda70758a521fae1d469432e
  languageName: node
  linkType: hard

"unist-util-stringify-position@npm:^4.0.0":
  version: 4.0.0
  resolution: "unist-util-stringify-position@npm:4.0.0"
  dependencies:
    "@types/unist": "npm:^3.0.0"
  checksum: 10c0/dfe1dbe79ba31f589108cb35e523f14029b6675d741a79dea7e5f3d098785045d556d5650ec6a8338af11e9e78d2a30df12b1ee86529cded1098da3f17ee999e
  languageName: node
  linkType: hard
